
Microsoft Visual Studio Solution File, Format Version 12.00
# Visual Studio Version 17
VisualStudioVersion = 17.3.32929.385
MinimumVisualStudioVersion = 10.0.40219.1
Project("{FAE04EC0-301F-11D3-BF4B-00C04F79EFBC}") = "MonopolyTest", "MonopolyTest.csproj", "{02592A27-143E-4B4C-85D3-EA9444462737}"
EndProject
Project("{FAE04EC0-301F-11D3-BF4B-00C04F79EFBC}") = "ProjectTesting", "..\ProjectTesting\ProjectTesting.csproj", "{829CB7FF-6266-4E6D-B011-0F4EAB762D33}"
EndProject
Global
	GlobalSection(SolutionConfigurationPlatforms) = preSolution
		Debug|Any CPU = Debug|Any CPU
		Release|Any CPU = Release|Any CPU
	EndGlobalSection
	GlobalSection(ProjectConfigurationPlatforms) = postSolution
		{02592A27-143E-4B4C-85D3-EA9444462737}.Debug|Any CPU.ActiveCfg = Debug|Any CPU
		{02592A27-143E-4B4C-85D3-EA9444462737}.Debug|Any CPU.Build.0 = Debug|Any CPU
		{02592A27-143E-4B4C-85D3-EA9444462737}.Release|Any CPU.ActiveCfg = Release|Any CPU
		{02592A27-143E-4B4C-85D3-EA9444462737}.Release|Any CPU.Build.0 = Release|Any CPU
		{829CB7FF-6266-4E6D-B011-0F4EAB762D33}.Debug|Any CPU.ActiveCfg = Debug|Any CPU
		{829CB7FF-6266-4E6D-B011-0F4EAB762D33}.Debug|Any CPU.Build.0 = Debug|Any CPU
		{829CB7FF-6266-4E6D-B011-0F4EAB762D33}.Release|Any CPU.ActiveCfg = Release|Any CPU
		{829CB7FF-6266-4E6D-B011-0F4EAB762D33}.Release|Any CPU.Build.0 = Release|Any CPU
	EndGlobalSection
	GlobalSection(SolutionProperties) = preSolution
		HideSolutionNode = FALSE
	EndGlobalSection
	GlobalSection(ExtensibilityGlobals) = postSolution
		SolutionGuid = {94AD0330-FCB6-49D9-ADDF-8789387C1928}
	EndGlobalSection
EndGlobal
